
Microsoft Visual Studio Solution File, Format Version 12.00
# Visual Studio Version 17
VisualStudioVersion = 17.14.36301.6 d17.14
MinimumVisualStudioVersion = 10.0.40219.1
Project("{FAE04EC0-301F-11D3-BF4B-00C04F79EFBC}") = "TesteWoWAPI", "TesteWoWAPI\TesteWoWAPI.csproj", "{E819399A-61A7-4243-9CFD-916332198CAF}"
EndProject
Global
	GlobalSection(SolutionConfigurationPlatforms) = preSolution
		Debug|Any CPU = Debug|Any CPU
		Release|Any CPU = Release|Any CPU
	EndGlobalSection
	GlobalSection(ProjectConfigurationPlatforms) = postSolution
		{E819399A-61A7-4243-9CFD-916332198CAF}.Debug|Any CPU.ActiveCfg = Debug|Any CPU
		{E819399A-61A7-4243-9CFD-916332198CAF}.Debug|Any CPU.Build.0 = Debug|Any CPU
		{E819399A-61A7-4243-9CFD-916332198CAF}.Release|Any CPU.ActiveCfg = Release|Any CPU
		{E819399A-61A7-4243-9CFD-916332198CAF}.Release|Any CPU.Build.0 = Release|Any CPU
	EndGlobalSection
	GlobalSection(SolutionProperties) = preSolution
		HideSolutionNode = FALSE
	EndGlobalSection
	GlobalSection(ExtensibilityGlobals) = postSolution
		SolutionGuid = {E7570F77-C420-4F78-A273-7B1E86A63872}
	EndGlobalSection
EndGlobal
